
Microsoft Visual Studio Solution File, Format Version 12.00
# Visual Studio Version 16
VisualStudioVersion = 16.0.28606.126
MinimumVisualStudioVersion = 10.0.40219.1
Project("{FAE04EC0-301F-11D3-BF4B-00C04F79EFBC}") = "SquadHealthCheckSite", "SquadHealthCheckSite\SquadHealthCheckSite.csproj", "{A34C8228-31F0-467B-84EF-D0CA34629AB2}"
EndProject
Project("{FAE04EC0-301F-11D3-BF4B-00C04F79EFBC}") = "SHCWebSite", "SHCWebSite\SHCWebSite.csproj", "{C225E459-042E-44C2-98F1-00B5E2E0A525}"
EndProject
Global
	GlobalSection(SolutionConfigurationPlatforms) = preSolution
		Debug|Any CPU = Debug|Any CPU
		Release|Any CPU = Release|Any CPU
	EndGlobalSection
	GlobalSection(ProjectConfigurationPlatforms) = postSolution
		{A34C8228-31F0-467B-84EF-D0CA34629AB2}.Debug|Any CPU.ActiveCfg = Debug|Any CPU
		{A34C8228-31F0-467B-84EF-D0CA34629AB2}.Debug|Any CPU.Build.0 = Debug|Any CPU
		{A34C8228-31F0-467B-84EF-D0CA34629AB2}.Release|Any CPU.ActiveCfg = Release|Any CPU
		{A34C8228-31F0-467B-84EF-D0CA34629AB2}.Release|Any CPU.Build.0 = Release|Any CPU
		{C225E459-042E-44C2-98F1-00B5E2E0A525}.Debug|Any CPU.ActiveCfg = Debug|Any CPU
		{C225E459-042E-44C2-98F1-00B5E2E0A525}.Debug|Any CPU.Build.0 = Debug|Any CPU
		{C225E459-042E-44C2-98F1-00B5E2E0A525}.Release|Any CPU.ActiveCfg = Release|Any CPU
		{C225E459-042E-44C2-98F1-00B5E2E0A525}.Release|Any CPU.Build.0 = Release|Any CPU
	EndGlobalSection
	GlobalSection(SolutionProperties) = preSolution
		HideSolutionNode = FALSE
	EndGlobalSection
	GlobalSection(ExtensibilityGlobals) = postSolution
		SolutionGuid = {4A00F6AC-FE76-4C98-AC2F-F1ACB75AB976}
	EndGlobalSection
EndGlobal
